
Microsoft Visual Studio Solution File, Format Version 12.00
# Visual Studio Version 16
VisualStudioVersion = 16.0.30104.148
MinimumVisualStudioVersion = 10.0.40219.1
Project("{9A19103F-16F7-4668-BE54-9A1E7A4F7556}") = "Mastermind Exercise", "Mastermind Exercise\Mastermind Exercise.csproj", "{EB7E95C1-141D-432F-B64E-4B10816C94D5}"
EndProject
Global
	GlobalSection(SolutionConfigurationPlatforms) = preSolution
		Debug|Any CPU = Debug|Any CPU
		Release|Any CPU = Release|Any CPU
	EndGlobalSection
	GlobalSection(ProjectConfigurationPlatforms) = postSolution
		{EB7E95C1-141D-432F-B64E-4B10816C94D5}.Debug|Any CPU.ActiveCfg = Debug|Any CPU
		{EB7E95C1-141D-432F-B64E-4B10816C94D5}.Debug|Any CPU.Build.0 = Debug|Any CPU
		{EB7E95C1-141D-432F-B64E-4B10816C94D5}.Release|Any CPU.ActiveCfg = Release|Any CPU
		{EB7E95C1-141D-432F-B64E-4B10816C94D5}.Release|Any CPU.Build.0 = Release|Any CPU
	EndGlobalSection
	GlobalSection(SolutionProperties) = preSolution
		HideSolutionNode = FALSE
	EndGlobalSection
	GlobalSection(ExtensibilityGlobals) = postSolution
		SolutionGuid = {710BFB49-85AB-44DC-B773-B7CBD3EE8396}
	EndGlobalSection
EndGlobal
